
Microsoft Visual Studio Solution File, Format Version 12.00
# Visual Studio Version 17
VisualStudioVersion = 17.1.32319.34
MinimumVisualStudioVersion = 10.0.40219.1
Project("{FAE04EC0-301F-11D3-BF4B-00C04F79EFBC}") = "SmartHome", "SmartHome\SmartHome.csproj", "{1A0BE93D-D5ED-48DF-91F4-623BD28B8D37}"
EndProject
Project("{FAE04EC0-301F-11D3-BF4B-00C04F79EFBC}") = "SmartHome.Database", "SmartHome.Database\SmartHome.Database.csproj", "{8E799CC7-0F23-4DEC-87FD-16B927B6395C}"
EndProject
Global
	GlobalSection(SolutionConfigurationPlatforms) = preSolution
		Debug|Any CPU = Debug|Any CPU
		Release|Any CPU = Release|Any CPU
	EndGlobalSection
	GlobalSection(ProjectConfigurationPlatforms) = postSolution
		{1A0BE93D-D5ED-48DF-91F4-623BD28B8D37}.Debug|Any CPU.ActiveCfg = Debug|Any CPU
		{1A0BE93D-D5ED-48DF-91F4-623BD28B8D37}.Debug|Any CPU.Build.0 = Debug|Any CPU
		{1A0BE93D-D5ED-48DF-91F4-623BD28B8D37}.Release|Any CPU.ActiveCfg = Release|Any CPU
		{1A0BE93D-D5ED-48DF-91F4-623BD28B8D37}.Release|Any CPU.Build.0 = Release|Any CPU
		{8E799CC7-0F23-4DEC-87FD-16B927B6395C}.Debug|Any CPU.ActiveCfg = Debug|Any CPU
		{8E799CC7-0F23-4DEC-87FD-16B927B6395C}.Debug|Any CPU.Build.0 = Debug|Any CPU
		{8E799CC7-0F23-4DEC-87FD-16B927B6395C}.Release|Any CPU.ActiveCfg = Release|Any CPU
		{8E799CC7-0F23-4DEC-87FD-16B927B6395C}.Release|Any CPU.Build.0 = Release|Any CPU
	EndGlobalSection
	GlobalSection(SolutionProperties) = preSolution
		HideSolutionNode = FALSE
	EndGlobalSection
	GlobalSection(ExtensibilityGlobals) = postSolution
		SolutionGuid = {4EE2D6DF-0783-4467-B452-D4886D5E8768}
	EndGlobalSection
EndGlobal
