
Microsoft Visual Studio Solution File, Format Version 12.00
# Visual Studio Version 17
VisualStudioVersion = 17.1.32319.34
MinimumVisualStudioVersion = 10.0.40219.1
Project("{9A19103F-16F7-4668-BE54-9A1E7A4F7556}") = "SmartHome.Database", "SmartHome.Database\SmartHome.Database.csproj", "{8E799CC7-0F23-4DEC-87FD-16B927B6395C}"
EndProject
Project("{9A19103F-16F7-4668-BE54-9A1E7A4F7556}") = "SmartHome.Utility", "SmartHome.Utility\SmartHome.Utility.csproj", "{FEC79EC5-C41F-4386-84BA-066AAA3BCEB2}"
EndProject
Project("{FAE04EC0-301F-11D3-BF4B-00C04F79EFBC}") = "SmartHome.App", "SmartHome.App\SmartHome.App.csproj", "{8685CE32-48CD-4208-BCE4-09718CCFDF30}"
EndProject
Global
	GlobalSection(SolutionConfigurationPlatforms) = preSolution
		Debug|Any CPU = Debug|Any CPU
		Release|Any CPU = Release|Any CPU
	EndGlobalSection
	GlobalSection(ProjectConfigurationPlatforms) = postSolution
		{8E799CC7-0F23-4DEC-87FD-16B927B6395C}.Debug|Any CPU.ActiveCfg = Debug|Any CPU
		{8E799CC7-0F23-4DEC-87FD-16B927B6395C}.Debug|Any CPU.Build.0 = Debug|Any CPU
		{8E799CC7-0F23-4DEC-87FD-16B927B6395C}.Release|Any CPU.ActiveCfg = Release|Any CPU
		{8E799CC7-0F23-4DEC-87FD-16B927B6395C}.Release|Any CPU.Build.0 = Release|Any CPU
		{FEC79EC5-C41F-4386-84BA-066AAA3BCEB2}.Debug|Any CPU.ActiveCfg = Debug|Any CPU
		{FEC79EC5-C41F-4386-84BA-066AAA3BCEB2}.Debug|Any CPU.Build.0 = Debug|Any CPU
		{FEC79EC5-C41F-4386-84BA-066AAA3BCEB2}.Release|Any CPU.ActiveCfg = Release|Any CPU
		{FEC79EC5-C41F-4386-84BA-066AAA3BCEB2}.Release|Any CPU.Build.0 = Release|Any CPU
		{8685CE32-48CD-4208-BCE4-09718CCFDF30}.Debug|Any CPU.ActiveCfg = Debug|Any CPU
		{8685CE32-48CD-4208-BCE4-09718CCFDF30}.Debug|Any CPU.Build.0 = Debug|Any CPU
		{8685CE32-48CD-4208-BCE4-09718CCFDF30}.Release|Any CPU.ActiveCfg = Release|Any CPU
		{8685CE32-48CD-4208-BCE4-09718CCFDF30}.Release|Any CPU.Build.0 = Release|Any CPU
	EndGlobalSection
	GlobalSection(SolutionProperties) = preSolution
		HideSolutionNode = FALSE
	EndGlobalSection
	GlobalSection(ExtensibilityGlobals) = postSolution
		SolutionGuid = {4EE2D6DF-0783-4467-B452-D4886D5E8768}
	EndGlobalSection
EndGlobal
